
Microsoft Visual Studio Solution File, Format Version 12.00
# Visual Studio Version 17
VisualStudioVersion = 17.13.35806.99 d17.13
MinimumVisualStudioVersion = 10.0.40219.1
Project("{FAE04EC0-301F-11D3-BF4B-00C04F79EFBC}") = "Exercici5API", "Exercici5API\Exercici5API.csproj", "{6DDA0BBE-03ED-420A-8E27-D024A7B2DC1D}"
EndProject
Global
	GlobalSection(SolutionConfigurationPlatforms) = preSolution
		Debug|Any CPU = Debug|Any CPU
		Release|Any CPU = Release|Any CPU
	EndGlobalSection
	GlobalSection(ProjectConfigurationPlatforms) = postSolution
		{6DDA0BBE-03ED-420A-8E27-D024A7B2DC1D}.Debug|Any CPU.ActiveCfg = Debug|Any CPU
		{6DDA0BBE-03ED-420A-8E27-D024A7B2DC1D}.Debug|Any CPU.Build.0 = Debug|Any CPU
		{6DDA0BBE-03ED-420A-8E27-D024A7B2DC1D}.Release|Any CPU.ActiveCfg = Release|Any CPU
		{6DDA0BBE-03ED-420A-8E27-D024A7B2DC1D}.Release|Any CPU.Build.0 = Release|Any CPU
	EndGlobalSection
	GlobalSection(SolutionProperties) = preSolution
		HideSolutionNode = FALSE
	EndGlobalSection
	GlobalSection(ExtensibilityGlobals) = postSolution
		SolutionGuid = {3D39BDE7-6162-4257-9990-AFDA9F32C10C}
	EndGlobalSection
EndGlobal
